
Microsoft Visual Studio Solution File, Format Version 12.00
# Visual Studio Version 17
VisualStudioVersion = 17.7.34003.232
MinimumVisualStudioVersion = 10.0.40219.1
Project("{00D1A9C2-B5F0-4AF3-8072-F6C62B433612}") = "kart.Core.Database", "kart.Core.Database\kart.Core.Database.sqlproj", "{0EA831AA-0C4E-423A-89E9-7E618E2D8AB3}"
EndProject
Project("{2150E333-8FDC-42A3-9474-1A3956D46DE8}") = "Core", "Core", "{6DB15EA1-6173-452A-AF86-AF02C0ED569A}"
EndProject
Project("{2150E333-8FDC-42A3-9474-1A3956D46DE8}") = "Source", "Source", "{273A6315-E917-49E8-9F06-22BBCF42CC75}"
EndProject
Project("{FAE04EC0-301F-11D3-BF4B-00C04F79EFBC}") = "kart.Service.Domain", "kart.Service.Domain\kart.Service.Domain.csproj", "{148BBB21-E44F-4F85-AAF9-5115C65F239E}"
EndProject
Project("{FAE04EC0-301F-11D3-BF4B-00C04F79EFBC}") = "ERDiagram", "ERDiagram\ERDiagram.csproj", "{9377104D-7060-4004-A0A5-3AE8ED6BD677}"
EndProject
Project("{FAE04EC0-301F-11D3-BF4B-00C04F79EFBC}") = "kart.Service.DataAccess", "kart.Service.DataAccess\kart.Service.DataAccess.csproj", "{AFA9EB68-4CD0-41E0-B728-2070CDD0336F}"
EndProject
Project("{FAE04EC0-301F-11D3-BF4B-00C04F79EFBC}") = "kart.Service.Buisness", "kart.Service.Buisness\kart.Service.Buisness.csproj", "{FFEC79DF-7003-4FA3-856D-B6C48182E5E1}"
EndProject
Project("{FAE04EC0-301F-11D3-BF4B-00C04F79EFBC}") = "kart.Core.Dto", "kart.Core.Dto\kart.Core.Dto.csproj", "{80F18D66-D53C-4AA3-AC31-2DC78DE27159}"
EndProject
Project("{FAE04EC0-301F-11D3-BF4B-00C04F79EFBC}") = "kart.Service.Api", "kart.Service.Api\kart.Service.Api.csproj", "{E7BDB358-3F40-4577-BA87-C5E0F11052C7}"
EndProject
Global
	GlobalSection(SolutionConfigurationPlatforms) = preSolution
		Debug|Any CPU = Debug|Any CPU
		Release|Any CPU = Release|Any CPU
	EndGlobalSection
	GlobalSection(ProjectConfigurationPlatforms) = postSolution
		{0EA831AA-0C4E-423A-89E9-7E618E2D8AB3}.Debug|Any CPU.ActiveCfg = Debug|Any CPU
		{0EA831AA-0C4E-423A-89E9-7E618E2D8AB3}.Debug|Any CPU.Build.0 = Debug|Any CPU
		{0EA831AA-0C4E-423A-89E9-7E618E2D8AB3}.Debug|Any CPU.Deploy.0 = Debug|Any CPU
		{0EA831AA-0C4E-423A-89E9-7E618E2D8AB3}.Release|Any CPU.ActiveCfg = Release|Any CPU
		{0EA831AA-0C4E-423A-89E9-7E618E2D8AB3}.Release|Any CPU.Build.0 = Release|Any CPU
		{0EA831AA-0C4E-423A-89E9-7E618E2D8AB3}.Release|Any CPU.Deploy.0 = Release|Any CPU
		{148BBB21-E44F-4F85-AAF9-5115C65F239E}.Debug|Any CPU.ActiveCfg = Debug|Any CPU
		{148BBB21-E44F-4F85-AAF9-5115C65F239E}.Debug|Any CPU.Build.0 = Debug|Any CPU
		{148BBB21-E44F-4F85-AAF9-5115C65F239E}.Release|Any CPU.ActiveCfg = Release|Any CPU
		{148BBB21-E44F-4F85-AAF9-5115C65F239E}.Release|Any CPU.Build.0 = Release|Any CPU
		{9377104D-7060-4004-A0A5-3AE8ED6BD677}.Debug|Any CPU.ActiveCfg = Debug|Any CPU
		{9377104D-7060-4004-A0A5-3AE8ED6BD677}.Debug|Any CPU.Build.0 = Debug|Any CPU
		{9377104D-7060-4004-A0A5-3AE8ED6BD677}.Release|Any CPU.ActiveCfg = Release|Any CPU
		{9377104D-7060-4004-A0A5-3AE8ED6BD677}.Release|Any CPU.Build.0 = Release|Any CPU
		{AFA9EB68-4CD0-41E0-B728-2070CDD0336F}.Debug|Any CPU.ActiveCfg = Debug|Any CPU
		{AFA9EB68-4CD0-41E0-B728-2070CDD0336F}.Debug|Any CPU.Build.0 = Debug|Any CPU
		{AFA9EB68-4CD0-41E0-B728-2070CDD0336F}.Release|Any CPU.ActiveCfg = Release|Any CPU
		{AFA9EB68-4CD0-41E0-B728-2070CDD0336F}.Release|Any CPU.Build.0 = Release|Any CPU
		{FFEC79DF-7003-4FA3-856D-B6C48182E5E1}.Debug|Any CPU.ActiveCfg = Debug|Any CPU
		{FFEC79DF-7003-4FA3-856D-B6C48182E5E1}.Debug|Any CPU.Build.0 = Debug|Any CPU
		{FFEC79DF-7003-4FA3-856D-B6C48182E5E1}.Release|Any CPU.ActiveCfg = Release|Any CPU
		{FFEC79DF-7003-4FA3-856D-B6C48182E5E1}.Release|Any CPU.Build.0 = Release|Any CPU
		{80F18D66-D53C-4AA3-AC31-2DC78DE27159}.Debug|Any CPU.ActiveCfg = Debug|Any CPU
		{80F18D66-D53C-4AA3-AC31-2DC78DE27159}.Debug|Any CPU.Build.0 = Debug|Any CPU
		{80F18D66-D53C-4AA3-AC31-2DC78DE27159}.Release|Any CPU.ActiveCfg = Release|Any CPU
		{80F18D66-D53C-4AA3-AC31-2DC78DE27159}.Release|Any CPU.Build.0 = Release|Any CPU
		{E7BDB358-3F40-4577-BA87-C5E0F11052C7}.Debug|Any CPU.ActiveCfg = Debug|Any CPU
		{E7BDB358-3F40-4577-BA87-C5E0F11052C7}.Debug|Any CPU.Build.0 = Debug|Any CPU
		{E7BDB358-3F40-4577-BA87-C5E0F11052C7}.Release|Any CPU.ActiveCfg = Release|Any CPU
		{E7BDB358-3F40-4577-BA87-C5E0F11052C7}.Release|Any CPU.Build.0 = Release|Any CPU
	EndGlobalSection
	GlobalSection(SolutionProperties) = preSolution
		HideSolutionNode = FALSE
	EndGlobalSection
	GlobalSection(NestedProjects) = preSolution
		{0EA831AA-0C4E-423A-89E9-7E618E2D8AB3} = {6DB15EA1-6173-452A-AF86-AF02C0ED569A}
		{148BBB21-E44F-4F85-AAF9-5115C65F239E} = {273A6315-E917-49E8-9F06-22BBCF42CC75}
		{9377104D-7060-4004-A0A5-3AE8ED6BD677} = {273A6315-E917-49E8-9F06-22BBCF42CC75}
		{AFA9EB68-4CD0-41E0-B728-2070CDD0336F} = {273A6315-E917-49E8-9F06-22BBCF42CC75}
		{FFEC79DF-7003-4FA3-856D-B6C48182E5E1} = {273A6315-E917-49E8-9F06-22BBCF42CC75}
		{80F18D66-D53C-4AA3-AC31-2DC78DE27159} = {6DB15EA1-6173-452A-AF86-AF02C0ED569A}
		{E7BDB358-3F40-4577-BA87-C5E0F11052C7} = {273A6315-E917-49E8-9F06-22BBCF42CC75}
	EndGlobalSection
	GlobalSection(ExtensibilityGlobals) = postSolution
		SolutionGuid = {CB516D8D-1164-482F-A565-3DED401B28F1}
	EndGlobalSection
EndGlobal
